
Microsoft Visual Studio Solution File, Format Version 12.00
# Visual Studio Version 17
VisualStudioVersion = 17.13.35913.81
MinimumVisualStudioVersion = 10.0.40219.1
Project("{54A90642-561A-4BB1-A94E-469ADEE60C69}") = "employee-management.client", "employee-management.client\employee-management.client.esproj", "{CC8D5722-EAF3-17E8-38DF-1C98B2A62699}"
EndProject
Project("{FAE04EC0-301F-11D3-BF4B-00C04F79EFBC}") = "employee-management.Server", "employee-management.Server\employee-management.Server.csproj", "{FF8B0507-B91E-46D3-A654-DF5456414A76}"
EndProject
Global
	GlobalSection(SolutionConfigurationPlatforms) = preSolution
		Debug|Any CPU = Debug|Any CPU
		Release|Any CPU = Release|Any CPU
	EndGlobalSection
	GlobalSection(ProjectConfigurationPlatforms) = postSolution
		{CC8D5722-EAF3-17E8-38DF-1C98B2A62699}.Debug|Any CPU.ActiveCfg = Debug|Any CPU
		{CC8D5722-EAF3-17E8-38DF-1C98B2A62699}.Debug|Any CPU.Build.0 = Debug|Any CPU
		{CC8D5722-EAF3-17E8-38DF-1C98B2A62699}.Debug|Any CPU.Deploy.0 = Debug|Any CPU
		{CC8D5722-EAF3-17E8-38DF-1C98B2A62699}.Release|Any CPU.ActiveCfg = Release|Any CPU
		{CC8D5722-EAF3-17E8-38DF-1C98B2A62699}.Release|Any CPU.Build.0 = Release|Any CPU
		{CC8D5722-EAF3-17E8-38DF-1C98B2A62699}.Release|Any CPU.Deploy.0 = Release|Any CPU
		{FF8B0507-B91E-46D3-A654-DF5456414A76}.Debug|Any CPU.ActiveCfg = Debug|Any CPU
		{FF8B0507-B91E-46D3-A654-DF5456414A76}.Debug|Any CPU.Build.0 = Debug|Any CPU
		{FF8B0507-B91E-46D3-A654-DF5456414A76}.Release|Any CPU.ActiveCfg = Release|Any CPU
		{FF8B0507-B91E-46D3-A654-DF5456414A76}.Release|Any CPU.Build.0 = Release|Any CPU
	EndGlobalSection
	GlobalSection(SolutionProperties) = preSolution
		HideSolutionNode = FALSE
	EndGlobalSection
	GlobalSection(ExtensibilityGlobals) = postSolution
		SolutionGuid = {530B7BB0-59BD-4410-9FB8-873A2B6779CC}
	EndGlobalSection
EndGlobal
